
Microsoft Visual Studio Solution File, Format Version 12.00
# Visual Studio Version 16
VisualStudioVersion = 16.0.31911.196
MinimumVisualStudioVersion = 10.0.40219.1
Project("{2150E333-8FDC-42A3-9474-1A3956D46DE8}") = "Identity", "Identity", "{9F680944-BCB0-4351-A2B5-C474B6C64D69}"
EndProject
Project("{9A19103F-16F7-4668-BE54-9A1E7A4F7556}") = "Budjet.Identity", "Budjet.Identity\Budjet.Identity.csproj", "{E9C368F0-7BBE-4B7A-AAE8-D2E1B1314EDF}"
EndProject
Project("{2150E333-8FDC-42A3-9474-1A3956D46DE8}") = "Backend", "Backend", "{D3608B16-6039-40EA-9BE3-8A778168E571}"
EndProject
Project("{9A19103F-16F7-4668-BE54-9A1E7A4F7556}") = "Budjet.Application", "Budjet.Application\Budjet.Application.csproj", "{97DA2D65-CFA9-4734-B09E-F810B2BCD222}"
	ProjectSection(ProjectDependencies) = postProject
		{67EC42D5-0A1D-4A27-A342-63780B1E70AF} = {67EC42D5-0A1D-4A27-A342-63780B1E70AF}
	EndProjectSection
EndProject
Project("{9A19103F-16F7-4668-BE54-9A1E7A4F7556}") = "Budjet.Domain", "Budjet.Domain\Budjet.Domain.csproj", "{67EC42D5-0A1D-4A27-A342-63780B1E70AF}"
EndProject
Project("{9A19103F-16F7-4668-BE54-9A1E7A4F7556}") = "Budjet.Persistence", "Budjet.Persistence\Budjet.Persistence.csproj", "{26C8C41D-1242-42D6-B0E2-3D1DC82A28CB}"
	ProjectSection(ProjectDependencies) = postProject
		{97DA2D65-CFA9-4734-B09E-F810B2BCD222} = {97DA2D65-CFA9-4734-B09E-F810B2BCD222}
		{67EC42D5-0A1D-4A27-A342-63780B1E70AF} = {67EC42D5-0A1D-4A27-A342-63780B1E70AF}
	EndProjectSection
EndProject
Project("{9A19103F-16F7-4668-BE54-9A1E7A4F7556}") = "Budjet.WebApi", "Budjet.WebApi\Budjet.WebApi.csproj", "{18385717-3357-4061-8CDC-124F5C629FB5}"
	ProjectSection(ProjectDependencies) = postProject
		{26C8C41D-1242-42D6-B0E2-3D1DC82A28CB} = {26C8C41D-1242-42D6-B0E2-3D1DC82A28CB}
		{97DA2D65-CFA9-4734-B09E-F810B2BCD222} = {97DA2D65-CFA9-4734-B09E-F810B2BCD222}
	EndProjectSection
EndProject
Project("{2150E333-8FDC-42A3-9474-1A3956D46DE8}") = "Frontend", "Frontend", "{196621BD-CB0A-43BC-AD0C-930E6910800C}"
EndProject
Project("{9A19103F-16F7-4668-BE54-9A1E7A4F7556}") = "Budjet.Blazor", "Budjet.Blazor\Budjet.Blazor.csproj", "{8CB29971-D4C3-4F2E-A9E7-FF4035705754}"
EndProject
Project("{2150E333-8FDC-42A3-9474-1A3956D46DE8}") = "Core", "Core", "{506F7780-CBF2-4FD9-9567-D4A271FBDB09}"
EndProject
Project("{2150E333-8FDC-42A3-9474-1A3956D46DE8}") = "Infrastructure", "Infrastructure", "{29CC2A7A-5BC7-499B-AEBC-21ADC0346E22}"
EndProject
Project("{2150E333-8FDC-42A3-9474-1A3956D46DE8}") = "Presentation", "Presentation", "{E401DDD4-041D-4958-9DDB-4B6787964794}"
EndProject
Project("{2150E333-8FDC-42A3-9474-1A3956D46DE8}") = "Tests", "Tests", "{991A916F-6BE4-4A50-B497-D5BC779D198F}"
EndProject
Project("{FAE04EC0-301F-11D3-BF4B-00C04F79EFBC}") = "Budjet.Backend.Test", "Budjet.Backend.Test\Budjet.Backend.Test.csproj", "{ACDF4E45-69D2-43F0-B516-CA3B72BC2EF3}"
EndProject
Global
	GlobalSection(SolutionConfigurationPlatforms) = preSolution
		Debug|Any CPU = Debug|Any CPU
		Release|Any CPU = Release|Any CPU
	EndGlobalSection
	GlobalSection(ProjectConfigurationPlatforms) = postSolution
		{E9C368F0-7BBE-4B7A-AAE8-D2E1B1314EDF}.Debug|Any CPU.ActiveCfg = Debug|Any CPU
		{E9C368F0-7BBE-4B7A-AAE8-D2E1B1314EDF}.Debug|Any CPU.Build.0 = Debug|Any CPU
		{E9C368F0-7BBE-4B7A-AAE8-D2E1B1314EDF}.Release|Any CPU.ActiveCfg = Release|Any CPU
		{E9C368F0-7BBE-4B7A-AAE8-D2E1B1314EDF}.Release|Any CPU.Build.0 = Release|Any CPU
		{97DA2D65-CFA9-4734-B09E-F810B2BCD222}.Debug|Any CPU.ActiveCfg = Debug|Any CPU
		{97DA2D65-CFA9-4734-B09E-F810B2BCD222}.Debug|Any CPU.Build.0 = Debug|Any CPU
		{97DA2D65-CFA9-4734-B09E-F810B2BCD222}.Release|Any CPU.ActiveCfg = Release|Any CPU
		{97DA2D65-CFA9-4734-B09E-F810B2BCD222}.Release|Any CPU.Build.0 = Release|Any CPU
		{67EC42D5-0A1D-4A27-A342-63780B1E70AF}.Debug|Any CPU.ActiveCfg = Debug|Any CPU
		{67EC42D5-0A1D-4A27-A342-63780B1E70AF}.Debug|Any CPU.Build.0 = Debug|Any CPU
		{67EC42D5-0A1D-4A27-A342-63780B1E70AF}.Release|Any CPU.ActiveCfg = Release|Any CPU
		{67EC42D5-0A1D-4A27-A342-63780B1E70AF}.Release|Any CPU.Build.0 = Release|Any CPU
		{26C8C41D-1242-42D6-B0E2-3D1DC82A28CB}.Debug|Any CPU.ActiveCfg = Debug|Any CPU
		{26C8C41D-1242-42D6-B0E2-3D1DC82A28CB}.Debug|Any CPU.Build.0 = Debug|Any CPU
		{26C8C41D-1242-42D6-B0E2-3D1DC82A28CB}.Release|Any CPU.ActiveCfg = Release|Any CPU
		{26C8C41D-1242-42D6-B0E2-3D1DC82A28CB}.Release|Any CPU.Build.0 = Release|Any CPU
		{18385717-3357-4061-8CDC-124F5C629FB5}.Debug|Any CPU.ActiveCfg = Debug|Any CPU
		{18385717-3357-4061-8CDC-124F5C629FB5}.Debug|Any CPU.Build.0 = Debug|Any CPU
		{18385717-3357-4061-8CDC-124F5C629FB5}.Release|Any CPU.ActiveCfg = Release|Any CPU
		{18385717-3357-4061-8CDC-124F5C629FB5}.Release|Any CPU.Build.0 = Release|Any CPU
		{8CB29971-D4C3-4F2E-A9E7-FF4035705754}.Debug|Any CPU.ActiveCfg = Debug|Any CPU
		{8CB29971-D4C3-4F2E-A9E7-FF4035705754}.Debug|Any CPU.Build.0 = Debug|Any CPU
		{8CB29971-D4C3-4F2E-A9E7-FF4035705754}.Release|Any CPU.ActiveCfg = Release|Any CPU
		{8CB29971-D4C3-4F2E-A9E7-FF4035705754}.Release|Any CPU.Build.0 = Release|Any CPU
		{ACDF4E45-69D2-43F0-B516-CA3B72BC2EF3}.Debug|Any CPU.ActiveCfg = Debug|Any CPU
		{ACDF4E45-69D2-43F0-B516-CA3B72BC2EF3}.Debug|Any CPU.Build.0 = Debug|Any CPU
		{ACDF4E45-69D2-43F0-B516-CA3B72BC2EF3}.Release|Any CPU.ActiveCfg = Release|Any CPU
		{ACDF4E45-69D2-43F0-B516-CA3B72BC2EF3}.Release|Any CPU.Build.0 = Release|Any CPU
	EndGlobalSection
	GlobalSection(SolutionProperties) = preSolution
		HideSolutionNode = FALSE
	EndGlobalSection
	GlobalSection(NestedProjects) = preSolution
		{E9C368F0-7BBE-4B7A-AAE8-D2E1B1314EDF} = {9F680944-BCB0-4351-A2B5-C474B6C64D69}
		{97DA2D65-CFA9-4734-B09E-F810B2BCD222} = {506F7780-CBF2-4FD9-9567-D4A271FBDB09}
		{67EC42D5-0A1D-4A27-A342-63780B1E70AF} = {506F7780-CBF2-4FD9-9567-D4A271FBDB09}
		{26C8C41D-1242-42D6-B0E2-3D1DC82A28CB} = {29CC2A7A-5BC7-499B-AEBC-21ADC0346E22}
		{18385717-3357-4061-8CDC-124F5C629FB5} = {E401DDD4-041D-4958-9DDB-4B6787964794}
		{8CB29971-D4C3-4F2E-A9E7-FF4035705754} = {196621BD-CB0A-43BC-AD0C-930E6910800C}
		{506F7780-CBF2-4FD9-9567-D4A271FBDB09} = {D3608B16-6039-40EA-9BE3-8A778168E571}
		{29CC2A7A-5BC7-499B-AEBC-21ADC0346E22} = {D3608B16-6039-40EA-9BE3-8A778168E571}
		{E401DDD4-041D-4958-9DDB-4B6787964794} = {D3608B16-6039-40EA-9BE3-8A778168E571}
		{991A916F-6BE4-4A50-B497-D5BC779D198F} = {D3608B16-6039-40EA-9BE3-8A778168E571}
		{ACDF4E45-69D2-43F0-B516-CA3B72BC2EF3} = {991A916F-6BE4-4A50-B497-D5BC779D198F}
	EndGlobalSection
	GlobalSection(ExtensibilityGlobals) = postSolution
		SolutionGuid = {5D476D3F-B74F-4BF7-BEF5-8659EDDFA4BC}
	EndGlobalSection
EndGlobal
